
Microsoft Visual Studio Solution File, Format Version 12.00
# Visual Studio Version 16
VisualStudioVersion = 16.0.29911.84
MinimumVisualStudioVersion = 10.0.40219.1
Project("{FAE04EC0-301F-11D3-BF4B-00C04F79EFBC}") = "DepartmentsEmployeesConsole", "DepartmentsEmployeesConsole\DepartmentsEmployeesConsole.csproj", "{EB21FA43-5579-4110-9013-865BB8C5CCA9}"
EndProject
Global
	GlobalSection(SolutionConfigurationPlatforms) = preSolution
		Debug|Any CPU = Debug|Any CPU
		Release|Any CPU = Release|Any CPU
	EndGlobalSection
	GlobalSection(ProjectConfigurationPlatforms) = postSolution
		{EB21FA43-5579-4110-9013-865BB8C5CCA9}.Debug|Any CPU.ActiveCfg = Debug|Any CPU
		{EB21FA43-5579-4110-9013-865BB8C5CCA9}.Debug|Any CPU.Build.0 = Debug|Any CPU
		{EB21FA43-5579-4110-9013-865BB8C5CCA9}.Release|Any CPU.ActiveCfg = Release|Any CPU
		{EB21FA43-5579-4110-9013-865BB8C5CCA9}.Release|Any CPU.Build.0 = Release|Any CPU
	EndGlobalSection
	GlobalSection(SolutionProperties) = preSolution
		HideSolutionNode = FALSE
	EndGlobalSection
	GlobalSection(ExtensibilityGlobals) = postSolution
		SolutionGuid = {524BA37A-A598-423C-BE0F-8506CB2053B9}
	EndGlobalSection
EndGlobal
